
Microsoft Visual Studio Solution File, Format Version 12.00
# Visual Studio Version 17
VisualStudioVersion = 17.5.33414.496
MinimumVisualStudioVersion = 10.0.40219.1
Project("{FAE04EC0-301F-11D3-BF4B-00C04F79EFBC}") = "Jaywapp.Test.PropertyTools.TreeListBox", "TreeGridTest\Jaywapp.Test.PropertyTools.TreeListBox.csproj", "{0D779032-528C-4138-B093-5F21D9B59DA5}"
EndProject
Global
	GlobalSection(SolutionConfigurationPlatforms) = preSolution
		Debug|Any CPU = Debug|Any CPU
		Release|Any CPU = Release|Any CPU
	EndGlobalSection
	GlobalSection(ProjectConfigurationPlatforms) = postSolution
		{0D779032-528C-4138-B093-5F21D9B59DA5}.Debug|Any CPU.ActiveCfg = Debug|Any CPU
		{0D779032-528C-4138-B093-5F21D9B59DA5}.Debug|Any CPU.Build.0 = Debug|Any CPU
		{0D779032-528C-4138-B093-5F21D9B59DA5}.Release|Any CPU.ActiveCfg = Release|Any CPU
		{0D779032-528C-4138-B093-5F21D9B59DA5}.Release|Any CPU.Build.0 = Release|Any CPU
	EndGlobalSection
	GlobalSection(SolutionProperties) = preSolution
		HideSolutionNode = FALSE
	EndGlobalSection
	GlobalSection(ExtensibilityGlobals) = postSolution
		SolutionGuid = {AA996281-28B9-49F0-BFD9-5B9C127C9E77}
	EndGlobalSection
EndGlobal
