
Microsoft Visual Studio Solution File, Format Version 11.00
# Visual Studio 2010
Project("{FAE04EC0-301F-11D3-BF4B-00C04F79EFBC}") = "Pentacube.Manufacture.Canvas", "Pentacube.Manufacture.Canvas.csproj", "{8A2B3FB8-E0FE-4E37-BBF2-FA0FB62D6AAE}"
EndProject
Global
	GlobalSection(SolutionConfigurationPlatforms) = preSolution
		Debug|Any CPU = Debug|Any CPU
		Release|Any CPU = Release|Any CPU
	EndGlobalSection
	GlobalSection(ProjectConfigurationPlatforms) = postSolution
		{8A2B3FB8-E0FE-4E37-BBF2-FA0FB62D6AAE}.Debug|Any CPU.ActiveCfg = Debug|Any CPU
		{8A2B3FB8-E0FE-4E37-BBF2-FA0FB62D6AAE}.Debug|Any CPU.Build.0 = Debug|Any CPU
		{8A2B3FB8-E0FE-4E37-BBF2-FA0FB62D6AAE}.Release|Any CPU.ActiveCfg = Release|Any CPU
		{8A2B3FB8-E0FE-4E37-BBF2-FA0FB62D6AAE}.Release|Any CPU.Build.0 = Release|Any CPU
	EndGlobalSection
	GlobalSection(SolutionProperties) = preSolution
		HideSolutionNode = FALSE
	EndGlobalSection
EndGlobal
